// !$*UTF8*$!
{
	archiveVersion = 1;
	classes = {
	};
	objectVersion = 48;
	objects = {

/* Begin PBXBuildFile section */
		B81DE0E81FA18BCE00ED1298 /* UserDetailViewModel.m in Sources */ = {isa = PBXBuildFile; fileRef = B81DE0E71FA18BCE00ED1298 /* UserDetailViewModel.m */; };
		B864C7531FA0339400154448 /* AppDelegate.m in Sources */ = {isa = PBXBuildFile; fileRef = B864C7521FA0339400154448 /* AppDelegate.m */; };
		B864C75B1FA0339400154448 /* Assets.xcassets in Resources */ = {isa = PBXBuildFile; fileRef = B864C75A1FA0339400154448 /* Assets.xcassets */; };
		B864C75E1FA0339400154448 /* LaunchScreen.storyboard in Resources */ = {isa = PBXBuildFile; fileRef = B864C75C1FA0339400154448 /* LaunchScreen.storyboard */; };
		B864C7611FA0339400154448 /* main.m in Sources */ = {isa = PBXBuildFile; fileRef = B864C7601FA0339400154448 /* main.m */; };
		B864C76D1FA0347100154448 /* LoginViewController.m in Sources */ = {isa = PBXBuildFile; fileRef = B864C76C1FA0347100154448 /* LoginViewController.m */; };
		B864C7701FA0377D00154448 /* Router.m in Sources */ = {isa = PBXBuildFile; fileRef = B864C76F1FA0377D00154448 /* Router.m */; };
		B864C7731FA042AE00154448 /* LoginViewModel.m in Sources */ = {isa = PBXBuildFile; fileRef = B864C7721FA042AE00154448 /* LoginViewModel.m */; };
		B864C7791FA0646F00154448 /* MainTableViewController.m in Sources */ = {isa = PBXBuildFile; fileRef = B864C7781FA0646F00154448 /* MainTableViewController.m */; };
		B864C77C1FA0648400154448 /* UserViewModel.m in Sources */ = {isa = PBXBuildFile; fileRef = B864C77B1FA0648400154448 /* UserViewModel.m */; };
		B864C77F1FA0655300154448 /* User.m in Sources */ = {isa = PBXBuildFile; fileRef = B864C77E1FA0655300154448 /* User.m */; };
		B864C7831FA066DB00154448 /* UserTableViewCell.m in Sources */ = {isa = PBXBuildFile; fileRef = B864C7811FA066DB00154448 /* UserTableViewCell.m */; };
		B864C7841FA066DB00154448 /* UserTableViewCell.xib in Resources */ = {isa = PBXBuildFile; fileRef = B864C7821FA066DB00154448 /* UserTableViewCell.xib */; };
		B864C7891FA072B000154448 /* DataService.m in Sources */ = {isa = PBXBuildFile; fileRef = B864C7881FA072B000154448 /* DataService.m */; };
/* End PBXBuildFile section */

/* Begin PBXFileReference section */
		B81DE0E61FA18BCE00ED1298 /* UserDetailViewModel.h */ = {isa = PBXFileReference; lastKnownFileType = sourcecode.c.h; path = UserDetailViewModel.h; sourceTree = "<group>"; };
		B81DE0E71FA18BCE00ED1298 /* UserDetailViewModel.m */ = {isa = PBXFileReference; lastKnownFileType = sourcecode.c.objc; path = UserDetailViewModel.m; sourceTree = "<group>"; };
		B864C74E1FA0339400154448 /* MVVMR_LoginBasic.app */ = {isa = PBXFileReference; explicitFileType = wrapper.application; includeInIndex = 0; path = MVVMR_LoginBasic.app; sourceTree = BUILT_PRODUCTS_DIR; };
		B864C7511FA0339400154448 /* AppDelegate.h */ = {isa = PBXFileReference; lastKnownFileType = sourcecode.c.h; path = AppDelegate.h; sourceTree = "<group>"; };
		B864C7521FA0339400154448 /* AppDelegate.m */ = {isa = PBXFileReference; lastKnownFileType = sourcecode.c.objc; path = AppDelegate.m; sourceTree = "<group>"; };
		B864C75A1FA0339400154448 /* Assets.xcassets */ = {isa = PBXFileReference; lastKnownFileType = folder.assetcatalog; path = Assets.xcassets; sourceTree = "<group>"; };
		B864C75D1FA0339400154448 /* Base */ = {isa = PBXFileReference; lastKnownFileType = file.storyboard; name = Base; path = Base.lproj/LaunchScreen.storyboard; sourceTree = "<group>"; };
		B864C75F1FA0339400154448 /* Info.plist */ = {isa = PBXFileReference; lastKnownFileType = text.plist.xml; path = Info.plist; sourceTree = "<group>"; };
		B864C7601FA0339400154448 /* main.m */ = {isa = PBXFileReference; lastKnownFileType = sourcecode.c.objc; path = main.m; sourceTree = "<group>"; };
		B864C76B1FA0347100154448 /* LoginViewController.h */ = {isa = PBXFileReference; lastKnownFileType = sourcecode.c.h; path = LoginViewController.h; sourceTree = "<group>"; };
		B864C76C1FA0347100154448 /* LoginViewController.m */ = {isa = PBXFileReference; lastKnownFileType = sourcecode.c.objc; path = LoginViewController.m; sourceTree = "<group>"; };
		B864C76E1FA0377D00154448 /* Router.h */ = {isa = PBXFileReference; lastKnownFileType = sourcecode.c.h; path = Router.h; sourceTree = "<group>"; };
		B864C76F1FA0377D00154448 /* Router.m */ = {isa = PBXFileReference; lastKnownFileType = sourcecode.c.objc; path = Router.m; sourceTree = "<group>"; };
		B864C7711FA042AE00154448 /* LoginViewModel.h */ = {isa = PBXFileReference; lastKnownFileType = sourcecode.c.h; path = LoginViewModel.h; sourceTree = "<group>"; };
		B864C7721FA042AE00154448 /* LoginViewModel.m */ = {isa = PBXFileReference; lastKnownFileType = sourcecode.c.objc; path = LoginViewModel.m; sourceTree = "<group>"; };
		B864C7771FA0646F00154448 /* MainTableViewController.h */ = {isa = PBXFileReference; lastKnownFileType = sourcecode.c.h; path = MainTableViewController.h; sourceTree = "<group>"; };
		B864C7781FA0646F00154448 /* MainTableViewController.m */ = {isa = PBXFileReference; lastKnownFileType = sourcecode.c.objc; path = MainTableViewController.m; sourceTree = "<group>"; };
		B864C77A1FA0648400154448 /* UserViewModel.h */ = {isa = PBXFileReference; lastKnownFileType = sourcecode.c.h; path = UserViewModel.h; sourceTree = "<group>"; };
		B864C77B1FA0648400154448 /* UserViewModel.m */ = {isa = PBXFileReference; lastKnownFileType = sourcecode.c.objc; path = UserViewModel.m; sourceTree = "<group>"; };
		B864C77D1FA0655300154448 /* User.h */ = {isa = PBXFileReference; lastKnownFileType = sourcecode.c.h; path = User.h; sourceTree = "<group>"; };
		B864C77E1FA0655300154448 /* User.m */ = {isa = PBXFileReference; lastKnownFileType = sourcecode.c.objc; path = User.m; sourceTree = "<group>"; };
		B864C7801FA066DB00154448 /* UserTableViewCell.h */ = {isa = PBXFileReference; lastKnownFileType = sourcecode.c.h; path = UserTableViewCell.h; sourceTree = "<group>"; };
		B864C7811FA066DB00154448 /* UserTableViewCell.m */ = {isa = PBXFileReference; lastKnownFileType = sourcecode.c.objc; path = UserTableViewCell.m; sourceTree = "<group>"; };
		B864C7821FA066DB00154448 /* UserTableViewCell.xib */ = {isa = PBXFileReference; lastKnownFileType = file.xib; path = UserTableViewCell.xib; sourceTree = "<group>"; };
		B864C7871FA072B000154448 /* DataService.h */ = {isa = PBXFileReference; lastKnownFileType = sourcecode.c.h; path = DataService.h; sourceTree = "<group>"; };
		B864C7881FA072B000154448 /* DataService.m */ = {isa = PBXFileReference; lastKnownFileType = sourcecode.c.objc; path = DataService.m; sourceTree = "<group>"; };
/* End PBXFileReference section */

/* Begin PBXFrameworksBuildPhase section */
		B864C74B1FA0339400154448 /* Frameworks */ = {
			isa = PBXFrameworksBuildPhase;
			buildActionMask = 2147483647;
			files = (
			);
			runOnlyForDeploymentPostprocessing = 0;
		};
/* End PBXFrameworksBuildPhase section */

/* Begin PBXGroup section */
		B864C7451FA0339400154448 = {
			isa = PBXGroup;
			children = (
				B864C7501FA0339400154448 /* MVVMR_LoginBasic */,
				B864C74F1FA0339400154448 /* Products */,
			);
			sourceTree = "<group>";
		};
		B864C74F1FA0339400154448 /* Products */ = {
			isa = PBXGroup;
			children = (
				B864C74E1FA0339400154448 /* MVVMR_LoginBasic.app */,
			);
			name = Products;
			sourceTree = "<group>";
		};
		B864C7501FA0339400154448 /* MVVMR_LoginBasic */ = {
			isa = PBXGroup;
			children = (
				B864C7861FA0724000154448 /* Interactor */,
				B864C76A1FA033E200154448 /* Router */,
				B864C7691FA033DB00154448 /* ViewModels */,
				B864C7681FA033D400154448 /* Views */,
				B864C7671FA033C900154448 /* Models */,
				B864C7511FA0339400154448 /* AppDelegate.h */,
				B864C7521FA0339400154448 /* AppDelegate.m */,
				B864C75A1FA0339400154448 /* Assets.xcassets */,
				B864C75C1FA0339400154448 /* LaunchScreen.storyboard */,
				B864C75F1FA0339400154448 /* Info.plist */,
				B864C7601FA0339400154448 /* main.m */,
			);
			path = MVVMR_LoginBasic;
			sourceTree = "<group>";
		};
		B864C7671FA033C900154448 /* Models */ = {
			isa = PBXGroup;
			children = (
				B864C77D1FA0655300154448 /* User.h */,
				B864C77E1FA0655300154448 /* User.m */,
			);
			path = Models;
			sourceTree = "<group>";
		};
		B864C7681FA033D400154448 /* Views */ = {
			isa = PBXGroup;
			children = (
				B864C76B1FA0347100154448 /* LoginViewController.h */,
				B864C76C1FA0347100154448 /* LoginViewController.m */,
				B864C7771FA0646F00154448 /* MainTableViewController.h */,
				B864C7781FA0646F00154448 /* MainTableViewController.m */,
				B864C7801FA066DB00154448 /* UserTableViewCell.h */,
				B864C7811FA066DB00154448 /* UserTableViewCell.m */,
				B864C7821FA066DB00154448 /* UserTableViewCell.xib */,
			);
			path = Views;
			sourceTree = "<group>";
		};
		B864C7691FA033DB00154448 /* ViewModels */ = {
			isa = PBXGroup;
			children = (
				B864C7711FA042AE00154448 /* LoginViewModel.h */,
				B864C7721FA042AE00154448 /* LoginViewModel.m */,
				B864C77A1FA0648400154448 /* UserViewModel.h */,
				B864C77B1FA0648400154448 /* UserViewModel.m */,
				B81DE0E61FA18BCE00ED1298 /* UserDetailViewModel.h */,
				B81DE0E71FA18BCE00ED1298 /* UserDetailViewModel.m */,
			);
			path = ViewModels;
			sourceTree = "<group>";
		};
		B864C76A1FA033E200154448 /* Router */ = {
			isa = PBXGroup;
			children = (
				B864C76E1FA0377D00154448 /* Router.h */,
				B864C76F1FA0377D00154448 /* Router.m */,
			);
			path = Router;
			sourceTree = "<group>";
		};
		B864C7861FA0724000154448 /* Interactor */ = {
			isa = PBXGroup;
			children = (
				B864C7871FA072B000154448 /* DataService.h */,
				B864C7881FA072B000154448 /* DataService.m */,
			);
			path = Interactor;
			sourceTree = "<group>";
		};
/* End PBXGroup section */

/* Begin PBXNativeTarget section */
		B864C74D1FA0339400154448 /* MVVMR_LoginBasic */ = {
			isa = PBXNativeTarget;
			buildConfigurationList = B864C7641FA0339400154448 /* Build configuration list for PBXNativeTarget "MVVMR_LoginBasic" */;
			buildPhases = (
				B864C74A1FA0339400154448 /* Sources */,
				B864C74B1FA0339400154448 /* Frameworks */,
				B864C74C1FA0339400154448 /* Resources */,
			);
			buildRules = (
			);
			dependencies = (
			);
			name = MVVMR_LoginBasic;
			productName = MVVMR_LoginBasic;
			productReference = B864C74E1FA0339400154448 /* MVVMR_LoginBasic.app */;
			productType = "com.apple.product-type.application";
		};
/* End PBXNativeTarget section */

/* Begin PBXProject section */
		B864C7461FA0339400154448 /* Project object */ = {
			isa = PBXProject;
			attributes = {
				LastUpgradeCheck = 0900;
				ORGANIZATIONNAME = "Nick Lee";
				TargetAttributes = {
					B864C74D1FA0339400154448 = {
						CreatedOnToolsVersion = 9.0;
						ProvisioningStyle = Automatic;
					};
				};
			};
			buildConfigurationList = B864C7491FA0339400154448 /* Build configuration list for PBXProject "MVVMR_LoginBasic" */;
			compatibilityVersion = "Xcode 8.0";
			developmentRegion = en;
			hasScannedForEncodings = 0;
			knownRegions = (
				en,
				Base,
			);
			mainGroup = B864C7451FA0339400154448;
			productRefGroup = B864C74F1FA0339400154448 /* Products */;
			projectDirPath = "";
			projectRoot = "";
			targets = (
				B864C74D1FA0339400154448 /* MVVMR_LoginBasic */,
			);
		};
/* End PBXProject section */

/* Begin PBXResourcesBuildPhase section */
		B864C74C1FA0339400154448 /* Resources */ = {
			isa = PBXResourcesBuildPhase;
			buildActionMask = 2147483647;
			files = (
				B864C75E1FA0339400154448 /* LaunchScreen.storyboard in Resources */,
				B864C7841FA066DB00154448 /* UserTableViewCell.xib in Resources */,
				B864C75B1FA0339400154448 /* Assets.xcassets in Resources */,
			);
			runOnlyForDeploymentPostprocessing = 0;
		};
/* End PBXResourcesBuildPhase section */

/* Begin PBXSourcesBuildPhase section */
		B864C74A1FA0339400154448 /* Sources */ = {
			isa = PBXSourcesBuildPhase;
			buildActionMask = 2147483647;
			files = (
				B864C77F1FA0655300154448 /* User.m in Sources */,
				B864C7891FA072B000154448 /* DataService.m in Sources */,
				B81DE0E81FA18BCE00ED1298 /* UserDetailViewModel.m in Sources */,
				B864C77C1FA0648400154448 /* UserViewModel.m in Sources */,
				B864C7831FA066DB00154448 /* UserTableViewCell.m in Sources */,
				B864C7701FA0377D00154448 /* Router.m in Sources */,
				B864C7611FA0339400154448 /* main.m in Sources */,
				B864C7791FA0646F00154448 /* MainTableViewController.m in Sources */,
				B864C7531FA0339400154448 /* AppDelegate.m in Sources */,
				B864C7731FA042AE00154448 /* LoginViewModel.m in Sources */,
				B864C76D1FA0347100154448 /* LoginViewController.m in Sources */,
			);
			runOnlyForDeploymentPostprocessing = 0;
		};
/* End PBXSourcesBuildPhase section */

/* Begin PBXVariantGroup section */
		B864C75C1FA0339400154448 /* LaunchScreen.storyboard */ = {
			isa = PBXVariantGroup;
			children = (
				B864C75D1FA0339400154448 /* Base */,
			);
			name = LaunchScreen.storyboard;
			sourceTree = "<group>";
		};
/* End PBXVariantGroup section */

/* Begin XCBuildConfiguration section */
		B864C7621FA0339400154448 /* Debug */ = {
			isa = XCBuildConfiguration;
			buildSettings = {
				ALWAYS_SEARCH_USER_PATHS = NO;
				CLANG_ANALYZER_NONNULL = YES;
				CLANG_ANALYZER_NUMBER_OBJECT_CONVERSION = YES_AGGRESSIVE;
				CLANG_CXX_LANGUAGE_STANDARD = "gnu++14";
				CLANG_CXX_LIBRARY = "libc++";
				CLANG_ENABLE_MODULES = YES;
				CLANG_ENABLE_OBJC_ARC = YES;
				CLANG_WARN_BLOCK_CAPTURE_AUTORELEASING = YES;
				CLANG_WARN_BOOL_CONVERSION = YES;
				CLANG_WARN_COMMA = YES;
				CLANG_WARN_CONSTANT_CONVERSION = YES;
				CLANG_WARN_DIRECT_OBJC_ISA_USAGE = YES_ERROR;
				CLANG_WARN_DOCUMENTATION_COMMENTS = YES;
				CLANG_WARN_EMPTY_BODY = YES;
				CLANG_WARN_ENUM_CONVERSION = YES;
				CLANG_WARN_INFINITE_RECURSION = YES;
				CLANG_WARN_INT_CONVERSION = YES;
				CLANG_WARN_NON_LITERAL_NULL_CONVERSION = YES;
				CLANG_WARN_OBJC_LITERAL_CONVERSION = YES;
				CLANG_WARN_OBJC_ROOT_CLASS = YES_ERROR;
				CLANG_WARN_RANGE_LOOP_ANALYSIS = YES;
				CLANG_WARN_STRICT_PROTOTYPES = YES;
				CLANG_WARN_SUSPICIOUS_MOVE = YES;
				CLANG_WARN_UNGUARDED_AVAILABILITY = YES_AGGRESSIVE;
				CLANG_WARN_UNREACHABLE_CODE = YES;
				CLANG_WARN__DUPLICATE_METHOD_MATCH = YES;
				CODE_SIGN_IDENTITY = "iPhone Developer";
				COPY_PHASE_STRIP = NO;
				DEBUG_INFORMATION_FORMAT = dwarf;
				ENABLE_STRICT_OBJC_MSGSEND = YES;
				ENABLE_TESTABILITY = YES;
				GCC_C_LANGUAGE_STANDARD = gnu11;
				GCC_DYNAMIC_NO_PIC = NO;
				GCC_NO_COMMON_BLOCKS = YES;
				GCC_OPTIMIZATION_LEVEL = 0;
				GCC_PREPROCESSOR_DEFINITIONS = (
					"DEBUG=1",
					"$(inherited)",
				);
				GCC_WARN_64_TO_32_BIT_CONVERSION = YES;
				GCC_WARN_ABOUT_RETURN_TYPE = YES_ERROR;
				GCC_WARN_UNDECLARED_SELECTOR = YES;
				GCC_WARN_UNINITIALIZED_AUTOS = YES_AGGRESSIVE;
				GCC_WARN_UNUSED_FUNCTION = YES;
				GCC_WARN_UNUSED_VARIABLE = YES;
				IPHONEOS_DEPLOYMENT_TARGET = 11.0;
				MTL_ENABLE_DEBUG_INFO = YES;
				ONLY_ACTIVE_ARCH = YES;
				SDKROOT = iphoneos;
			};
			name = Debug;
		};
		B864C7631FA0339400154448 /* Release */ = {
			isa = XCBuildConfiguration;
			buildSettings = {
				ALWAYS_SEARCH_USER_PATHS = NO;
				CLANG_ANALYZER_NONNULL = YES;
				CLANG_ANALYZER_NUMBER_OBJECT_CONVERSION = YES_AGGRESSIVE;
				CLANG_CXX_LANGUAGE_STANDARD = "gnu++14";
				CLANG_CXX_LIBRARY = "libc++";
				CLANG_ENABLE_MODULES = YES;
				CLANG_ENABLE_OBJC_ARC = YES;
				CLANG_WARN_BLOCK_CAPTURE_AUTORELEASING = YES;
				CLANG_WARN_BOOL_CONVERSION = YES;
				CLANG_WARN_COMMA = YES;
				CLANG_WARN_CONSTANT_CONVERSION = YES;
				CLANG_WARN_DIRECT_OBJC_ISA_USAGE = YES_ERROR;
				CLANG_WARN_DOCUMENTATION_COMMENTS = YES;
				CLANG_WARN_EMPTY_BODY = YES;
				CLANG_WARN_ENUM_CONVERSION = YES;
				CLANG_WARN_INFINITE_RECURSION = YES;
				CLANG_WARN_INT_CONVERSION = YES;
				CLANG_WARN_NON_LITERAL_NULL_CONVERSION = YES;
				CLANG_WARN_OBJC_LITERAL_CONVERSION = YES;
				CLANG_WARN_OBJC_ROOT_CLASS = YES_ERROR;
				CLANG_WARN_RANGE_LOOP_ANALYSIS = YES;
				CLANG_WARN_STRICT_PROTOTYPES = YES;
				CLANG_WARN_SUSPICIOUS_MOVE = YES;
				CLANG_WARN_UNGUARDED_AVAILABILITY = YES_AGGRESSIVE;
				CLANG_WARN_UNREACHABLE_CODE = YES;
				CLANG_WARN__DUPLICATE_METHOD_MATCH = YES;
				CODE_SIGN_IDENTITY = "iPhone Developer";
				COPY_PHASE_STRIP = NO;
				DEBUG_INFORMATION_FORMAT = "dwarf-with-dsym";
				ENABLE_NS_ASSERTIONS = NO;
				ENABLE_STRICT_OBJC_MSGSEND = YES;
				GCC_C_LANGUAGE_STANDARD = gnu11;
				GCC_NO_COMMON_BLOCKS = YES;
				GCC_WARN_64_TO_32_BIT_CONVERSION = YES;
				GCC_WARN_ABOUT_RETURN_TYPE = YES_ERROR;
				GCC_WARN_UNDECLARED_SELECTOR = YES;
				GCC_WARN_UNINITIALIZED_AUTOS = YES_AGGRESSIVE;
				GCC_WARN_UNUSED_FUNCTION = YES;
				GCC_WARN_UNUSED_VARIABLE = YES;
				IPHONEOS_DEPLOYMENT_TARGET = 11.0;
				MTL_ENABLE_DEBUG_INFO = NO;
				SDKROOT = iphoneos;
				VALIDATE_PRODUCT = YES;
			};
			name = Release;
		};
		B864C7651FA0339400154448 /* Debug */ = {
			isa = XCBuildConfiguration;
			buildSettings = {
				ASSETCATALOG_COMPILER_APPICON_NAME = AppIcon;
				CODE_SIGN_STYLE = Automatic;
				DEVELOPMENT_TEAM = 38D8VUK3CJ;
				INFOPLIST_FILE = MVVMR_LoginBasic/Info.plist;
				LD_RUNPATH_SEARCH_PATHS = "$(inherited) @executable_path/Frameworks";
				PRODUCT_BUNDLE_IDENTIFIER = "nick1ee.MVVMR-LoginBasic";
				PRODUCT_NAME = "$(TARGET_NAME)";
				TARGETED_DEVICE_FAMILY = "1,2";
			};
			name = Debug;
		};
		B864C7661FA0339400154448 /* Release */ = {
			isa = XCBuildConfiguration;
			buildSettings = {
				ASSETCATALOG_COMPILER_APPICON_NAME = AppIcon;
				CODE_SIGN_STYLE = Automatic;
				DEVELOPMENT_TEAM = 38D8VUK3CJ;
				INFOPLIST_FILE = MVVMR_LoginBasic/Info.plist;
				LD_RUNPATH_SEARCH_PATHS = "$(inherited) @executable_path/Frameworks";
				PRODUCT_BUNDLE_IDENTIFIER = "nick1ee.MVVMR-LoginBasic";
				PRODUCT_NAME = "$(TARGET_NAME)";
				TARGETED_DEVICE_FAMILY = "1,2";
			};
			name = Release;
		};
/* End XCBuildConfiguration section */

/* Begin XCConfigurationList section */
		B864C7491FA0339400154448 /* Build configuration list for PBXProject "MVVMR_LoginBasic" */ = {
			isa = XCConfigurationList;
			buildConfigurations = (
				B864C7621FA0339400154448 /* Debug */,
				B864C7631FA0339400154448 /* Release */,
			);
			defaultConfigurationIsVisible = 0;
			defaultConfigurationName = Release;
		};
		B864C7641FA0339400154448 /* Build configuration list for PBXNativeTarget "MVVMR_LoginBasic" */ = {
			isa = XCConfigurationList;
			buildConfigurations = (
				B864C7651FA0339400154448 /* Debug */,
				B864C7661FA0339400154448 /* Release */,
			);
			defaultConfigurationIsVisible = 0;
			defaultConfigurationName = Release;
		};
/* End XCConfigurationList section */
	};
	rootObject = B864C7461FA0339400154448 /* Project object */;
}
